
Microsoft Visual Studio Solution File, Format Version 12.00
# Visual Studio Version 17
VisualStudioVersion = 17.3.32819.101
MinimumVisualStudioVersion = 10.0.40219.1
Project("{9A19103F-16F7-4668-BE54-9A1E7A4F7556}") = "CheckoutService", "CheckoutService.csproj", "{9FA3E60E-5724-4DAF-9D91-7A1FF78574A2}"
EndProject
Project("{FAE04EC0-301F-11D3-BF4B-00C04F79EFBC}") = "Checkout.Domain", "..\Checkout.Domain\Checkout.Domain.csproj", "{2F6BF303-8AA6-42F0-96C3-C4BAB26AF0EC}"
EndProject
Project("{FAE04EC0-301F-11D3-BF4B-00C04F79EFBC}") = "Checkout.Application", "..\Checkout.Application\Checkout.Application.csproj", "{26845A96-A097-4F0C-B4B4-6F2D04809461}"
EndProject
Global
	GlobalSection(SolutionConfigurationPlatforms) = preSolution
		Debug|Any CPU = Debug|Any CPU
		Release|Any CPU = Release|Any CPU
	EndGlobalSection
	GlobalSection(ProjectConfigurationPlatforms) = postSolution
		{9FA3E60E-5724-4DAF-9D91-7A1FF78574A2}.Debug|Any CPU.ActiveCfg = Debug|Any CPU
		{9FA3E60E-5724-4DAF-9D91-7A1FF78574A2}.Debug|Any CPU.Build.0 = Debug|Any CPU
		{9FA3E60E-5724-4DAF-9D91-7A1FF78574A2}.Release|Any CPU.ActiveCfg = Release|Any CPU
		{9FA3E60E-5724-4DAF-9D91-7A1FF78574A2}.Release|Any CPU.Build.0 = Release|Any CPU
		{2F6BF303-8AA6-42F0-96C3-C4BAB26AF0EC}.Debug|Any CPU.ActiveCfg = Debug|Any CPU
		{2F6BF303-8AA6-42F0-96C3-C4BAB26AF0EC}.Debug|Any CPU.Build.0 = Debug|Any CPU
		{2F6BF303-8AA6-42F0-96C3-C4BAB26AF0EC}.Release|Any CPU.ActiveCfg = Release|Any CPU
		{2F6BF303-8AA6-42F0-96C3-C4BAB26AF0EC}.Release|Any CPU.Build.0 = Release|Any CPU
		{26845A96-A097-4F0C-B4B4-6F2D04809461}.Debug|Any CPU.ActiveCfg = Debug|Any CPU
		{26845A96-A097-4F0C-B4B4-6F2D04809461}.Debug|Any CPU.Build.0 = Debug|Any CPU
		{26845A96-A097-4F0C-B4B4-6F2D04809461}.Release|Any CPU.ActiveCfg = Release|Any CPU
		{26845A96-A097-4F0C-B4B4-6F2D04809461}.Release|Any CPU.Build.0 = Release|Any CPU
	EndGlobalSection
	GlobalSection(SolutionProperties) = preSolution
		HideSolutionNode = FALSE
	EndGlobalSection
	GlobalSection(ExtensibilityGlobals) = postSolution
		SolutionGuid = {CF8BC7C2-957F-4AD8-9018-99EA6F1CAEA2}
	EndGlobalSection
EndGlobal
